// !$*UTF8*$!
{
	archiveVersion = 1;
	classes = {
	};
	objectVersion = 46;
	objects = {

/* Begin PBXBuildFile section */
		01FDACED51A762B5A4A453F1 /* Pods_eBartrHackNC.framework in Frameworks */ = {isa = PBXBuildFile; fileRef = 353A907FEBE11FF3B11D98A1 /* Pods_eBartrHackNC.framework */; };
		0307415F1DC5326400A501BF /* PostController.swift in Sources */ = {isa = PBXBuildFile; fileRef = 0307415E1DC5326400A501BF /* PostController.swift */; };
		030741611DC53D3A00A501BF /* PostFieldCell.swift in Sources */ = {isa = PBXBuildFile; fileRef = 030741601DC53D3A00A501BF /* PostFieldCell.swift */; };
		9938E6B21DC4D8B100242D8C /* AppDelegate.swift in Sources */ = {isa = PBXBuildFile; fileRef = 9938E6B11DC4D8B100242D8C /* AppDelegate.swift */; };
		9938E6B41DC4D8B100242D8C /* LoginController.swift in Sources */ = {isa = PBXBuildFile; fileRef = 9938E6B31DC4D8B100242D8C /* LoginController.swift */; };
		9938E6B71DC4D8B100242D8C /* Main.storyboard in Resources */ = {isa = PBXBuildFile; fileRef = 9938E6B51DC4D8B100242D8C /* Main.storyboard */; };
		9938E6BA1DC4D8B100242D8C /* eBartrHackNC.xcdatamodeld in Sources */ = {isa = PBXBuildFile; fileRef = 9938E6B81DC4D8B100242D8C /* eBartrHackNC.xcdatamodeld */; };
		9938E6BC1DC4D8B100242D8C /* Assets.xcassets in Resources */ = {isa = PBXBuildFile; fileRef = 9938E6BB1DC4D8B100242D8C /* Assets.xcassets */; };
		9938E6BF1DC4D8B100242D8C /* LaunchScreen.storyboard in Resources */ = {isa = PBXBuildFile; fileRef = 9938E6BD1DC4D8B100242D8C /* LaunchScreen.storyboard */; };
		9938E6C71DC4D96000242D8C /* GoogleService-Info.plist in Resources */ = {isa = PBXBuildFile; fileRef = 9938E6C61DC4D96000242D8C /* GoogleService-Info.plist */; };
		9938E6CA1DC4EACE00242D8C /* Poster.swift in Sources */ = {isa = PBXBuildFile; fileRef = 9938E6C91DC4EACE00242D8C /* Poster.swift */; };
		996559561DC53A8E00B498BB /* FeedController.swift in Sources */ = {isa = PBXBuildFile; fileRef = 996559551DC53A8E00B498BB /* FeedController.swift */; };
		996559581DC53ADF00B498BB /* FeedCell.swift in Sources */ = {isa = PBXBuildFile; fileRef = 996559571DC53ADF00B498BB /* FeedCell.swift */; };
		E08F61501DC5B91900D2EBE5 /* profileController.swift in Sources */ = {isa = PBXBuildFile; fileRef = E08F614D1DC5B91900D2EBE5 /* profileController.swift */; };
		E08F61511DC5B91900D2EBE5 /* ProfileTableViewController.swift in Sources */ = {isa = PBXBuildFile; fileRef = E08F614E1DC5B91900D2EBE5 /* ProfileTableViewController.swift */; };
		E08F61531DC5B92900D2EBE5 /* chooseController.swift in Sources */ = {isa = PBXBuildFile; fileRef = E08F61521DC5B92900D2EBE5 /* chooseController.swift */; };
		E08F615B1DC5BD9400D2EBE5 /* PostCell.swift in Sources */ = {isa = PBXBuildFile; fileRef = E08F615A1DC5BD9400D2EBE5 /* PostCell.swift */; };
		E08F615D1DC5CA6900D2EBE5 /* ButtonCell.swift in Sources */ = {isa = PBXBuildFile; fileRef = E08F615C1DC5CA6900D2EBE5 /* ButtonCell.swift */; };
/* End PBXBuildFile section */

/* Begin PBXFileReference section */
		0307415E1DC5326400A501BF /* PostController.swift */ = {isa = PBXFileReference; fileEncoding = 4; lastKnownFileType = sourcecode.swift; path = PostController.swift; sourceTree = "<group>"; };
		030741601DC53D3A00A501BF /* PostFieldCell.swift */ = {isa = PBXFileReference; fileEncoding = 4; lastKnownFileType = sourcecode.swift; path = PostFieldCell.swift; sourceTree = "<group>"; };
		353A907FEBE11FF3B11D98A1 /* Pods_eBartrHackNC.framework */ = {isa = PBXFileReference; explicitFileType = wrapper.framework; includeInIndex = 0; path = Pods_eBartrHackNC.framework; sourceTree = BUILT_PRODUCTS_DIR; };
		9938E6AE1DC4D8B100242D8C /* eBartrHackNC.app */ = {isa = PBXFileReference; explicitFileType = wrapper.application; includeInIndex = 0; path = eBartrHackNC.app; sourceTree = BUILT_PRODUCTS_DIR; };
		9938E6B11DC4D8B100242D8C /* AppDelegate.swift */ = {isa = PBXFileReference; lastKnownFileType = sourcecode.swift; path = AppDelegate.swift; sourceTree = "<group>"; };
		9938E6B31DC4D8B100242D8C /* LoginController.swift */ = {isa = PBXFileReference; lastKnownFileType = sourcecode.swift; path = LoginController.swift; sourceTree = "<group>"; };
		9938E6B61DC4D8B100242D8C /* Base */ = {isa = PBXFileReference; lastKnownFileType = file.storyboard; name = Base; path = Base.lproj/Main.storyboard; sourceTree = "<group>"; };
		9938E6B91DC4D8B100242D8C /* eBartrHackNC.xcdatamodel */ = {isa = PBXFileReference; lastKnownFileType = wrapper.xcdatamodel; path = eBartrHackNC.xcdatamodel; sourceTree = "<group>"; };
		9938E6BB1DC4D8B100242D8C /* Assets.xcassets */ = {isa = PBXFileReference; lastKnownFileType = folder.assetcatalog; path = Assets.xcassets; sourceTree = "<group>"; };
		9938E6BE1DC4D8B100242D8C /* Base */ = {isa = PBXFileReference; lastKnownFileType = file.storyboard; name = Base; path = Base.lproj/LaunchScreen.storyboard; sourceTree = "<group>"; };
		9938E6C01DC4D8B100242D8C /* Info.plist */ = {isa = PBXFileReference; lastKnownFileType = text.plist.xml; path = Info.plist; sourceTree = "<group>"; };
		9938E6C61DC4D96000242D8C /* GoogleService-Info.plist */ = {isa = PBXFileReference; fileEncoding = 4; lastKnownFileType = text.plist.xml; path = "GoogleService-Info.plist"; sourceTree = "<group>"; };
		9938E6C91DC4EACE00242D8C /* Poster.swift */ = {isa = PBXFileReference; fileEncoding = 4; lastKnownFileType = sourcecode.swift; path = Poster.swift; sourceTree = "<group>"; };
		996559551DC53A8E00B498BB /* FeedController.swift */ = {isa = PBXFileReference; fileEncoding = 4; lastKnownFileType = sourcecode.swift; path = FeedController.swift; sourceTree = "<group>"; };
		996559571DC53ADF00B498BB /* FeedCell.swift */ = {isa = PBXFileReference; fileEncoding = 4; lastKnownFileType = sourcecode.swift; path = FeedCell.swift; sourceTree = "<group>"; };
		E08F614D1DC5B91900D2EBE5 /* profileController.swift */ = {isa = PBXFileReference; fileEncoding = 4; lastKnownFileType = sourcecode.swift; path = profileController.swift; sourceTree = "<group>"; };
		E08F614E1DC5B91900D2EBE5 /* ProfileTableViewController.swift */ = {isa = PBXFileReference; fileEncoding = 4; lastKnownFileType = sourcecode.swift; path = ProfileTableViewController.swift; sourceTree = "<group>"; };
		E08F61521DC5B92900D2EBE5 /* chooseController.swift */ = {isa = PBXFileReference; fileEncoding = 4; lastKnownFileType = sourcecode.swift; path = chooseController.swift; sourceTree = "<group>"; };
		E08F615A1DC5BD9400D2EBE5 /* PostCell.swift */ = {isa = PBXFileReference; fileEncoding = 4; lastKnownFileType = sourcecode.swift; path = PostCell.swift; sourceTree = "<group>"; };
		E08F615C1DC5CA6900D2EBE5 /* ButtonCell.swift */ = {isa = PBXFileReference; fileEncoding = 4; lastKnownFileType = sourcecode.swift; path = ButtonCell.swift; sourceTree = "<group>"; };
		E637428D7D1AFF5E111F1733 /* Pods-eBartrHackNC.debug.xcconfig */ = {isa = PBXFileReference; includeInIndex = 1; lastKnownFileType = text.xcconfig; name = "Pods-eBartrHackNC.debug.xcconfig"; path = "Pods/Target Support Files/Pods-eBartrHackNC/Pods-eBartrHackNC.debug.xcconfig"; sourceTree = "<group>"; };
		F805A74CBC9CD05CC48CD329 /* Pods-eBartrHackNC.release.xcconfig */ = {isa = PBXFileReference; includeInIndex = 1; lastKnownFileType = text.xcconfig; name = "Pods-eBartrHackNC.release.xcconfig"; path = "Pods/Target Support Files/Pods-eBartrHackNC/Pods-eBartrHackNC.release.xcconfig"; sourceTree = "<group>"; };
/* End PBXFileReference section */

/* Begin PBXFrameworksBuildPhase section */
		9938E6AB1DC4D8B100242D8C /* Frameworks */ = {
			isa = PBXFrameworksBuildPhase;
			buildActionMask = 2147483647;
			files = (
				01FDACED51A762B5A4A453F1 /* Pods_eBartrHackNC.framework in Frameworks */,
			);
			runOnlyForDeploymentPostprocessing = 0;
		};
/* End PBXFrameworksBuildPhase section */

/* Begin PBXGroup section */
		2FE6A10177B6DAAD74D04DAE /* Frameworks */ = {
			isa = PBXGroup;
			children = (
				353A907FEBE11FF3B11D98A1 /* Pods_eBartrHackNC.framework */,
			);
			name = Frameworks;
			sourceTree = "<group>";
		};
		54B6F13C0323B08754F0078C /* Pods */ = {
			isa = PBXGroup;
			children = (
				E637428D7D1AFF5E111F1733 /* Pods-eBartrHackNC.debug.xcconfig */,
				F805A74CBC9CD05CC48CD329 /* Pods-eBartrHackNC.release.xcconfig */,
			);
			name = Pods;
			sourceTree = "<group>";
		};
		9938E6A51DC4D8B100242D8C = {
			isa = PBXGroup;
			children = (
				9938E6B01DC4D8B100242D8C /* eBartrHackNC */,
				9938E6AF1DC4D8B100242D8C /* Products */,
				54B6F13C0323B08754F0078C /* Pods */,
				2FE6A10177B6DAAD74D04DAE /* Frameworks */,
			);
			sourceTree = "<group>";
		};
		9938E6AF1DC4D8B100242D8C /* Products */ = {
			isa = PBXGroup;
			children = (
				9938E6AE1DC4D8B100242D8C /* eBartrHackNC.app */,
			);
			name = Products;
			sourceTree = "<group>";
		};
		9938E6B01DC4D8B100242D8C /* eBartrHackNC */ = {
			isa = PBXGroup;
			children = (
				E08F61521DC5B92900D2EBE5 /* chooseController.swift */,
				E08F614D1DC5B91900D2EBE5 /* profileController.swift */,
				E08F614E1DC5B91900D2EBE5 /* ProfileTableViewController.swift */,
				9938E6B11DC4D8B100242D8C /* AppDelegate.swift */,
				9938E6B31DC4D8B100242D8C /* LoginController.swift */,
				9938E6C91DC4EACE00242D8C /* Poster.swift */,
				0307415E1DC5326400A501BF /* PostController.swift */,
				E08F615C1DC5CA6900D2EBE5 /* ButtonCell.swift */,
				9938E6B51DC4D8B100242D8C /* Main.storyboard */,
				996559571DC53ADF00B498BB /* FeedCell.swift */,
				996559551DC53A8E00B498BB /* FeedController.swift */,
				9938E6BB1DC4D8B100242D8C /* Assets.xcassets */,
				9938E6BD1DC4D8B100242D8C /* LaunchScreen.storyboard */,
				9938E6C01DC4D8B100242D8C /* Info.plist */,
				9938E6B81DC4D8B100242D8C /* eBartrHackNC.xcdatamodeld */,
				9938E6C61DC4D96000242D8C /* GoogleService-Info.plist */,
				E08F615A1DC5BD9400D2EBE5 /* PostCell.swift */,
			);
			path = eBartrHackNC;
			sourceTree = "<group>";
		};
/* End PBXGroup section */

/* Begin PBXNativeTarget section */
		9938E6AD1DC4D8B100242D8C /* eBartrHackNC */ = {
			isa = PBXNativeTarget;
			buildConfigurationList = 9938E6C31DC4D8B100242D8C /* Build configuration list for PBXNativeTarget "eBartrHackNC" */;
			buildPhases = (
				0FD3BCBEBB6F6852D87D6C0C /* [CP] Check Pods Manifest.lock */,
				9938E6AA1DC4D8B100242D8C /* Sources */,
				9938E6AB1DC4D8B100242D8C /* Frameworks */,
				9938E6AC1DC4D8B100242D8C /* Resources */,
				E0A66A47BFFF4CA7F38BF2AD /* [CP] Embed Pods Frameworks */,
				C42AA52CB44F2B4D181FC290 /* [CP] Copy Pods Resources */,
			);
			buildRules = (
			);
			dependencies = (
			);
			name = eBartrHackNC;
			productName = eBartrHackNC;
			productReference = 9938E6AE1DC4D8B100242D8C /* eBartrHackNC.app */;
			productType = "com.apple.product-type.application";
		};
/* End PBXNativeTarget section */

/* Begin PBXProject section */
		9938E6A61DC4D8B100242D8C /* Project object */ = {
			isa = PBXProject;
			attributes = {
				LastSwiftUpdateCheck = 0800;
				LastUpgradeCheck = 0800;
				ORGANIZATIONNAME = ZiadCorp;
				TargetAttributes = {
					9938E6AD1DC4D8B100242D8C = {
						CreatedOnToolsVersion = 8.0;
						DevelopmentTeam = 47FWPX3KEU;
						ProvisioningStyle = Automatic;
					};
				};
			};
			buildConfigurationList = 9938E6A91DC4D8B100242D8C /* Build configuration list for PBXProject "eBartrHackNC" */;
			compatibilityVersion = "Xcode 3.2";
			developmentRegion = English;
			hasScannedForEncodings = 0;
			knownRegions = (
				en,
				Base,
			);
			mainGroup = 9938E6A51DC4D8B100242D8C;
			productRefGroup = 9938E6AF1DC4D8B100242D8C /* Products */;
			projectDirPath = "";
			projectRoot = "";
			targets = (
				9938E6AD1DC4D8B100242D8C /* eBartrHackNC */,
			);
		};
/* End PBXProject section */

/* Begin PBXResourcesBuildPhase section */
		9938E6AC1DC4D8B100242D8C /* Resources */ = {
			isa = PBXResourcesBuildPhase;
			buildActionMask = 2147483647;
			files = (
				9938E6C71DC4D96000242D8C /* GoogleService-Info.plist in Resources */,
				9938E6BF1DC4D8B100242D8C /* LaunchScreen.storyboard in Resources */,
				9938E6BC1DC4D8B100242D8C /* Assets.xcassets in Resources */,
				9938E6B71DC4D8B100242D8C /* Main.storyboard in Resources */,
			);
			runOnlyForDeploymentPostprocessing = 0;
		};
/* End PBXResourcesBuildPhase section */

/* Begin PBXShellScriptBuildPhase section */
		0FD3BCBEBB6F6852D87D6C0C /* [CP] Check Pods Manifest.lock */ = {
			isa = PBXShellScriptBuildPhase;
			buildActionMask = 2147483647;
			files = (
			);
			inputPaths = (
			);
			name = "[CP] Check Pods Manifest.lock";
			outputPaths = (
			);
			runOnlyForDeploymentPostprocessing = 0;
			shellPath = /bin/sh;
			shellScript = "diff \"${PODS_ROOT}/../Podfile.lock\" \"${PODS_ROOT}/Manifest.lock\" > /dev/null\nif [ $? != 0 ] ; then\n    # print error to STDERR\n    echo \"error: The sandbox is not in sync with the Podfile.lock. Run 'pod install' or update your CocoaPods installation.\" >&2\n    exit 1\nfi\n";
			showEnvVarsInLog = 0;
		};
		C42AA52CB44F2B4D181FC290 /* [CP] Copy Pods Resources */ = {
			isa = PBXShellScriptBuildPhase;
			buildActionMask = 2147483647;
			files = (
			);
			inputPaths = (
			);
			name = "[CP] Copy Pods Resources";
			outputPaths = (
			);
			runOnlyForDeploymentPostprocessing = 0;
			shellPath = /bin/sh;
			shellScript = "\"${SRCROOT}/Pods/Target Support Files/Pods-eBartrHackNC/Pods-eBartrHackNC-resources.sh\"\n";
			showEnvVarsInLog = 0;
		};
		E0A66A47BFFF4CA7F38BF2AD /* [CP] Embed Pods Frameworks */ = {
			isa = PBXShellScriptBuildPhase;
			buildActionMask = 2147483647;
			files = (
			);
			inputPaths = (
			);
			name = "[CP] Embed Pods Frameworks";
			outputPaths = (
			);
			runOnlyForDeploymentPostprocessing = 0;
			shellPath = /bin/sh;
			shellScript = "\"${SRCROOT}/Pods/Target Support Files/Pods-eBartrHackNC/Pods-eBartrHackNC-frameworks.sh\"\n";
			showEnvVarsInLog = 0;
		};
/* End PBXShellScriptBuildPhase section */

/* Begin PBXSourcesBuildPhase section */
		9938E6AA1DC4D8B100242D8C /* Sources */ = {
			isa = PBXSourcesBuildPhase;
			buildActionMask = 2147483647;
			files = (
				0307415F1DC5326400A501BF /* PostController.swift in Sources */,
				E08F615D1DC5CA6900D2EBE5 /* ButtonCell.swift in Sources */,
				9938E6CA1DC4EACE00242D8C /* Poster.swift in Sources */,
				030741611DC53D3A00A501BF /* PostFieldCell.swift in Sources */,
				9938E6BA1DC4D8B100242D8C /* eBartrHackNC.xcdatamodeld in Sources */,
				996559561DC53A8E00B498BB /* FeedController.swift in Sources */,
				9938E6B41DC4D8B100242D8C /* LoginController.swift in Sources */,
				E08F61531DC5B92900D2EBE5 /* chooseController.swift in Sources */,
				9938E6B21DC4D8B100242D8C /* AppDelegate.swift in Sources */,
				E08F61501DC5B91900D2EBE5 /* profileController.swift in Sources */,
				996559581DC53ADF00B498BB /* FeedCell.swift in Sources */,
				E08F61511DC5B91900D2EBE5 /* ProfileTableViewController.swift in Sources */,
				E08F615B1DC5BD9400D2EBE5 /* PostCell.swift in Sources */,
			);
			runOnlyForDeploymentPostprocessing = 0;
		};
/* End PBXSourcesBuildPhase section */

/* Begin PBXVariantGroup section */
		9938E6B51DC4D8B100242D8C /* Main.storyboard */ = {
			isa = PBXVariantGroup;
			children = (
				9938E6B61DC4D8B100242D8C /* Base */,
			);
			name = Main.storyboard;
			sourceTree = "<group>";
		};
		9938E6BD1DC4D8B100242D8C /* LaunchScreen.storyboard */ = {
			isa = PBXVariantGroup;
			children = (
				9938E6BE1DC4D8B100242D8C /* Base */,
			);
			name = LaunchScreen.storyboard;
			sourceTree = "<group>";
		};
/* End PBXVariantGroup section */

/* Begin XCBuildConfiguration section */
		9938E6C11DC4D8B100242D8C /* Debug */ = {
			isa = XCBuildConfiguration;
			buildSettings = {
				ALWAYS_SEARCH_USER_PATHS = NO;
				CLANG_ANALYZER_NONNULL = YES;
				CLANG_CXX_LANGUAGE_STANDARD = "gnu++0x";
				CLANG_CXX_LIBRARY = "libc++";
				CLANG_ENABLE_MODULES = YES;
				CLANG_ENABLE_OBJC_ARC = YES;
				CLANG_WARN_BOOL_CONVERSION = YES;
				CLANG_WARN_CONSTANT_CONVERSION = YES;
				CLANG_WARN_DIRECT_OBJC_ISA_USAGE = YES_ERROR;
				CLANG_WARN_DOCUMENTATION_COMMENTS = YES;
				CLANG_WARN_EMPTY_BODY = YES;
				CLANG_WARN_ENUM_CONVERSION = YES;
				CLANG_WARN_INFINITE_RECURSION = YES;
				CLANG_WARN_INT_CONVERSION = YES;
				CLANG_WARN_OBJC_ROOT_CLASS = YES_ERROR;
				CLANG_WARN_SUSPICIOUS_MOVES = YES;
				CLANG_WARN_UNREACHABLE_CODE = YES;
				CLANG_WARN__DUPLICATE_METHOD_MATCH = YES;
				"CODE_SIGN_IDENTITY[sdk=iphoneos*]" = "iPhone Developer";
				COPY_PHASE_STRIP = NO;
				DEBUG_INFORMATION_FORMAT = dwarf;
				ENABLE_STRICT_OBJC_MSGSEND = YES;
				ENABLE_TESTABILITY = YES;
				GCC_C_LANGUAGE_STANDARD = gnu99;
				GCC_DYNAMIC_NO_PIC = NO;
				GCC_NO_COMMON_BLOCKS = YES;
				GCC_OPTIMIZATION_LEVEL = 0;
				GCC_PREPROCESSOR_DEFINITIONS = (
					"DEBUG=1",
					"$(inherited)",
				);
				GCC_WARN_64_TO_32_BIT_CONVERSION = YES;
				GCC_WARN_ABOUT_RETURN_TYPE = YES_ERROR;
				GCC_WARN_UNDECLARED_SELECTOR = YES;
				GCC_WARN_UNINITIALIZED_AUTOS = YES_AGGRESSIVE;
				GCC_WARN_UNUSED_FUNCTION = YES;
				GCC_WARN_UNUSED_VARIABLE = YES;
				IPHONEOS_DEPLOYMENT_TARGET = 10.0;
				MTL_ENABLE_DEBUG_INFO = YES;
				ONLY_ACTIVE_ARCH = YES;
				SDKROOT = iphoneos;
				SWIFT_ACTIVE_COMPILATION_CONDITIONS = DEBUG;
				SWIFT_OPTIMIZATION_LEVEL = "-Onone";
			};
			name = Debug;
		};
		9938E6C21DC4D8B100242D8C /* Release */ = {
			isa = XCBuildConfiguration;
			buildSettings = {
				ALWAYS_SEARCH_USER_PATHS = NO;
				CLANG_ANALYZER_NONNULL = YES;
				CLANG_CXX_LANGUAGE_STANDARD = "gnu++0x";
				CLANG_CXX_LIBRARY = "libc++";
				CLANG_ENABLE_MODULES = YES;
				CLANG_ENABLE_OBJC_ARC = YES;
				CLANG_WARN_BOOL_CONVERSION = YES;
				CLANG_WARN_CONSTANT_CONVERSION = YES;
				CLANG_WARN_DIRECT_OBJC_ISA_USAGE = YES_ERROR;
				CLANG_WARN_DOCUMENTATION_COMMENTS = YES;
				CLANG_WARN_EMPTY_BODY = YES;
				CLANG_WARN_ENUM_CONVERSION = YES;
				CLANG_WARN_INFINITE_RECURSION = YES;
				CLANG_WARN_INT_CONVERSION = YES;
				CLANG_WARN_OBJC_ROOT_CLASS = YES_ERROR;
				CLANG_WARN_SUSPICIOUS_MOVES = YES;
				CLANG_WARN_UNREACHABLE_CODE = YES;
				CLANG_WARN__DUPLICATE_METHOD_MATCH = YES;
				"CODE_SIGN_IDENTITY[sdk=iphoneos*]" = "iPhone Developer";
				COPY_PHASE_STRIP = NO;
				DEBUG_INFORMATION_FORMAT = "dwarf-with-dsym";
				ENABLE_NS_ASSERTIONS = NO;
				ENABLE_STRICT_OBJC_MSGSEND = YES;
				GCC_C_LANGUAGE_STANDARD = gnu99;
				GCC_NO_COMMON_BLOCKS = YES;
				GCC_WARN_64_TO_32_BIT_CONVERSION = YES;
				GCC_WARN_ABOUT_RETURN_TYPE = YES_ERROR;
				GCC_WARN_UNDECLARED_SELECTOR = YES;
				GCC_WARN_UNINITIALIZED_AUTOS = YES_AGGRESSIVE;
				GCC_WARN_UNUSED_FUNCTION = YES;
				GCC_WARN_UNUSED_VARIABLE = YES;
				IPHONEOS_DEPLOYMENT_TARGET = 10.0;
				MTL_ENABLE_DEBUG_INFO = NO;
				SDKROOT = iphoneos;
				SWIFT_OPTIMIZATION_LEVEL = "-Owholemodule";
				VALIDATE_PRODUCT = YES;
			};
			name = Release;
		};
		9938E6C41DC4D8B100242D8C /* Debug */ = {
			isa = XCBuildConfiguration;
			baseConfigurationReference = E637428D7D1AFF5E111F1733 /* Pods-eBartrHackNC.debug.xcconfig */;
			buildSettings = {
				ASSETCATALOG_COMPILER_APPICON_NAME = AppIcon;
				DEVELOPMENT_TEAM = 47FWPX3KEU;
				INFOPLIST_FILE = eBartrHackNC/Info.plist;
				LD_RUNPATH_SEARCH_PATHS = "$(inherited) @executable_path/Frameworks";
				PRODUCT_BUNDLE_IDENTIFIER = com.ZiadCorp.eBartr;
				PRODUCT_NAME = "$(TARGET_NAME)";
				SWIFT_VERSION = 3.0;
			};
			name = Debug;
		};
		9938E6C51DC4D8B100242D8C /* Release */ = {
			isa = XCBuildConfiguration;
			baseConfigurationReference = F805A74CBC9CD05CC48CD329 /* Pods-eBartrHackNC.release.xcconfig */;
			buildSettings = {
				ASSETCATALOG_COMPILER_APPICON_NAME = AppIcon;
				DEVELOPMENT_TEAM = 47FWPX3KEU;
				INFOPLIST_FILE = eBartrHackNC/Info.plist;
				LD_RUNPATH_SEARCH_PATHS = "$(inherited) @executable_path/Frameworks";
				PRODUCT_BUNDLE_IDENTIFIER = com.ZiadCorp.eBartr;
				PRODUCT_NAME = "$(TARGET_NAME)";
				SWIFT_VERSION = 3.0;
			};
			name = Release;
		};
/* End XCBuildConfiguration section */

/* Begin XCConfigurationList section */
		9938E6A91DC4D8B100242D8C /* Build configuration list for PBXProject "eBartrHackNC" */ = {
			isa = XCConfigurationList;
			buildConfigurations = (
				9938E6C11DC4D8B100242D8C /* Debug */,
				9938E6C21DC4D8B100242D8C /* Release */,
			);
			defaultConfigurationIsVisible = 0;
			defaultConfigurationName = Release;
		};
		9938E6C31DC4D8B100242D8C /* Build configuration list for PBXNativeTarget "eBartrHackNC" */ = {
			isa = XCConfigurationList;
			buildConfigurations = (
				9938E6C41DC4D8B100242D8C /* Debug */,
				9938E6C51DC4D8B100242D8C /* Release */,
			);
			defaultConfigurationIsVisible = 0;
			defaultConfigurationName = Release;
		};
/* End XCConfigurationList section */

/* Begin XCVersionGroup section */
		9938E6B81DC4D8B100242D8C /* eBartrHackNC.xcdatamodeld */ = {
			isa = XCVersionGroup;
			children = (
				9938E6B91DC4D8B100242D8C /* eBartrHackNC.xcdatamodel */,
			);
			currentVersion = 9938E6B91DC4D8B100242D8C /* eBartrHackNC.xcdatamodel */;
			path = eBartrHackNC.xcdatamodeld;
			sourceTree = "<group>";
			versionGroupType = wrapper.xcdatamodel;
		};
/* End XCVersionGroup section */
	};
	rootObject = 9938E6A61DC4D8B100242D8C /* Project object */;
}
